// !$*UTF8*$!
{
	archiveVersion = 1;
	classes = {
	};
	objectVersion = 46;
	objects = {

/* Begin PBXBuildFile section */
		7C6DCA5E1D956FFE006DC566 /* AppDelegate.swift in Sources */ = {isa = PBXBuildFile; fileRef = 7C6DCA5D1D956FFE006DC566 /* AppDelegate.swift */; };
		7C6DCA601D956FFE006DC566 /* ViewController.swift in Sources */ = {isa = PBXBuildFile; fileRef = 7C6DCA5F1D956FFE006DC566 /* ViewController.swift */; };
		7C6DCA631D956FFE006DC566 /* Main.storyboard in Resources */ = {isa = PBXBuildFile; fileRef = 7C6DCA611D956FFE006DC566 /* Main.storyboard */; };
		7C6DCA651D956FFE006DC566 /* Assets.xcassets in Resources */ = {isa = PBXBuildFile; fileRef = 7C6DCA641D956FFE006DC566 /* Assets.xcassets */; };
		7C6DCA681D956FFE006DC566 /* LaunchScreen.storyboard in Resources */ = {isa = PBXBuildFile; fileRef = 7C6DCA661D956FFE006DC566 /* LaunchScreen.storyboard */; };
/* End PBXBuildFile section */

/* Begin PBXFileReference section */
		7C6DCA5A1D956FFE006DC566 /* SWViewsDictionary.app */ = {isa = PBXFileReference; explicitFileType = wrapper.application; includeInIndex = 0; path = SWViewsDictionary.app; sourceTree = BUILT_PRODUCTS_DIR; };
		7C6DCA5D1D956FFE006DC566 /* AppDelegate.swift */ = {isa = PBXFileReference; lastKnownFileType = sourcecode.swift; path = AppDelegate.swift; sourceTree = "<group>"; };
		7C6DCA5F1D956FFE006DC566 /* ViewController.swift */ = {isa = PBXFileReference; lastKnownFileType = sourcecode.swift; path = ViewController.swift; sourceTree = "<group>"; };
		7C6DCA621D956FFE006DC566 /* Base */ = {isa = PBXFileReference; lastKnownFileType = file.storyboard; name = Base; path = Base.lproj/Main.storyboard; sourceTree = "<group>"; };
		7C6DCA641D956FFE006DC566 /* Assets.xcassets */ = {isa = PBXFileReference; lastKnownFileType = folder.assetcatalog; path = Assets.xcassets; sourceTree = "<group>"; };
		7C6DCA671D956FFE006DC566 /* Base */ = {isa = PBXFileReference; lastKnownFileType = file.storyboard; name = Base; path = Base.lproj/LaunchScreen.storyboard; sourceTree = "<group>"; };
		7C6DCA691D956FFE006DC566 /* Info.plist */ = {isa = PBXFileReference; lastKnownFileType = text.plist.xml; path = Info.plist; sourceTree = "<group>"; };
/* End PBXFileReference section */

/* Begin PBXFrameworksBuildPhase section */
		7C6DCA571D956FFE006DC566 /* Frameworks */ = {
			isa = PBXFrameworksBuildPhase;
			buildActionMask = 2147483647;
			files = (
			);
			runOnlyForDeploymentPostprocessing = 0;
		};
/* End PBXFrameworksBuildPhase section */

/* Begin PBXGroup section */
		7C6DCA511D956FFE006DC566 = {
			isa = PBXGroup;
			children = (
				7C6DCA5C1D956FFE006DC566 /* SWViewsDictionary */,
				7C6DCA5B1D956FFE006DC566 /* Products */,
			);
			sourceTree = "<group>";
		};
		7C6DCA5B1D956FFE006DC566 /* Products */ = {
			isa = PBXGroup;
			children = (
				7C6DCA5A1D956FFE006DC566 /* SWViewsDictionary.app */,
			);
			name = Products;
			sourceTree = "<group>";
		};
		7C6DCA5C1D956FFE006DC566 /* SWViewsDictionary */ = {
			isa = PBXGroup;
			children = (
				7C6DCA5D1D956FFE006DC566 /* AppDelegate.swift */,
				7C6DCA5F1D956FFE006DC566 /* ViewController.swift */,
				7C6DCA611D956FFE006DC566 /* Main.storyboard */,
				7C6DCA641D956FFE006DC566 /* Assets.xcassets */,
				7C6DCA661D956FFE006DC566 /* LaunchScreen.storyboard */,
				7C6DCA691D956FFE006DC566 /* Info.plist */,
			);
			path = SWViewsDictionary;
			sourceTree = "<group>";
		};
/* End PBXGroup section */

/* Begin PBXNativeTarget section */
		7C6DCA591D956FFE006DC566 /* SWViewsDictionary */ = {
			isa = PBXNativeTarget;
			buildConfigurationList = 7C6DCA6C1D956FFE006DC566 /* Build configuration list for PBXNativeTarget "SWViewsDictionary" */;
			buildPhases = (
				7C6DCA561D956FFE006DC566 /* Sources */,
				7C6DCA571D956FFE006DC566 /* Frameworks */,
				7C6DCA581D956FFE006DC566 /* Resources */,
			);
			buildRules = (
			);
			dependencies = (
			);
			name = SWViewsDictionary;
			productName = SWViewsDictionary;
			productReference = 7C6DCA5A1D956FFE006DC566 /* SWViewsDictionary.app */;
			productType = "com.apple.product-type.application";
		};
/* End PBXNativeTarget section */

/* Begin PBXProject section */
		7C6DCA521D956FFE006DC566 /* Project object */ = {
			isa = PBXProject;
			attributes = {
				LastSwiftUpdateCheck = 0730;
				LastUpgradeCheck = 0730;
				ORGANIZATIONNAME = DonMag;
				TargetAttributes = {
					7C6DCA591D956FFE006DC566 = {
						CreatedOnToolsVersion = 7.3.1;
					};
				};
			};
			buildConfigurationList = 7C6DCA551D956FFE006DC566 /* Build configuration list for PBXProject "SWViewsDictionary" */;
			compatibilityVersion = "Xcode 3.2";
			developmentRegion = English;
			hasScannedForEncodings = 0;
			knownRegions = (
				en,
				Base,
			);
			mainGroup = 7C6DCA511D956FFE006DC566;
			productRefGroup = 7C6DCA5B1D956FFE006DC566 /* Products */;
			projectDirPath = "";
			projectRoot = "";
			targets = (
				7C6DCA591D956FFE006DC566 /* SWViewsDictionary */,
			);
		};
/* End PBXProject section */

/* Begin PBXResourcesBuildPhase section */
		7C6DCA581D956FFE006DC566 /* Resources */ = {
			isa = PBXResourcesBuildPhase;
			buildActionMask = 2147483647;
			files = (
				7C6DCA681D956FFE006DC566 /* LaunchScreen.storyboard in Resources */,
				7C6DCA651D956FFE006DC566 /* Assets.xcassets in Resources */,
				7C6DCA631D956FFE006DC566 /* Main.storyboard in Resources */,
			);
			runOnlyForDeploymentPostprocessing = 0;
		};
/* End PBXResourcesBuildPhase section */

/* Begin PBXSourcesBuildPhase section */
		7C6DCA561D956FFE006DC566 /* Sources */ = {
			isa = PBXSourcesBuildPhase;
			buildActionMask = 2147483647;
			files = (
				7C6DCA601D956FFE006DC566 /* ViewController.swift in Sources */,
				7C6DCA5E1D956FFE006DC566 /* AppDelegate.swift in Sources */,
			);
			runOnlyForDeploymentPostprocessing = 0;
		};
/* End PBXSourcesBuildPhase section */

/* Begin PBXVariantGroup section */
		7C6DCA611D956FFE006DC566 /* Main.storyboard */ = {
			isa = PBXVariantGroup;
			children = (
				7C6DCA621D956FFE006DC566 /* Base */,
			);
			name = Main.storyboard;
			sourceTree = "<group>";
		};
		7C6DCA661D956FFE006DC566 /* LaunchScreen.storyboard */ = {
			isa = PBXVariantGroup;
			children = (
				7C6DCA671D956FFE006DC566 /* Base */,
			);
			name = LaunchScreen.storyboard;
			sourceTree = "<group>";
		};
/* End PBXVariantGroup section */

/* Begin XCBuildConfiguration section */
		7C6DCA6A1D956FFE006DC566 /* Debug */ = {
			isa = XCBuildConfiguration;
			buildSettings = {
				ALWAYS_SEARCH_USER_PATHS = NO;
				CLANG_ANALYZER_NONNULL = YES;
				CLANG_CXX_LANGUAGE_STANDARD = "gnu++0x";
				CLANG_CXX_LIBRARY = "libc++";
				CLANG_ENABLE_MODULES = YES;
				CLANG_ENABLE_OBJC_ARC = YES;
				CLANG_WARN_BOOL_CONVERSION = YES;
				CLANG_WARN_CONSTANT_CONVERSION = YES;
				CLANG_WARN_DIRECT_OBJC_ISA_USAGE = YES_ERROR;
				CLANG_WARN_EMPTY_BODY = YES;
				CLANG_WARN_ENUM_CONVERSION = YES;
				CLANG_WARN_INT_CONVERSION = YES;
				CLANG_WARN_OBJC_ROOT_CLASS = YES_ERROR;
				CLANG_WARN_UNREACHABLE_CODE = YES;
				CLANG_WARN__DUPLICATE_METHOD_MATCH = YES;
				"CODE_SIGN_IDENTITY[sdk=iphoneos*]" = "iPhone Developer";
				COPY_PHASE_STRIP = NO;
				DEBUG_INFORMATION_FORMAT = dwarf;
				ENABLE_STRICT_OBJC_MSGSEND = YES;
				ENABLE_TESTABILITY = YES;
				GCC_C_LANGUAGE_STANDARD = gnu99;
				GCC_DYNAMIC_NO_PIC = NO;
				GCC_NO_COMMON_BLOCKS = YES;
				GCC_OPTIMIZATION_LEVEL = 0;
				GCC_PREPROCESSOR_DEFINITIONS = (
					"DEBUG=1",
					"$(inherited)",
				);
				GCC_WARN_64_TO_32_BIT_CONVERSION = YES;
				GCC_WARN_ABOUT_RETURN_TYPE = YES_ERROR;
				GCC_WARN_UNDECLARED_SELECTOR = YES;
				GCC_WARN_UNINITIALIZED_AUTOS = YES_AGGRESSIVE;
				GCC_WARN_UNUSED_FUNCTION = YES;
				GCC_WARN_UNUSED_VARIABLE = YES;
				IPHONEOS_DEPLOYMENT_TARGET = 9.3;
				MTL_ENABLE_DEBUG_INFO = YES;
				ONLY_ACTIVE_ARCH = YES;
				SDKROOT = iphoneos;
				SWIFT_OPTIMIZATION_LEVEL = "-Onone";
				TARGETED_DEVICE_FAMILY = "1,2";
			};
			name = Debug;
		};
		7C6DCA6B1D956FFE006DC566 /* Release */ = {
			isa = XCBuildConfiguration;
			buildSettings = {
				ALWAYS_SEARCH_USER_PATHS = NO;
				CLANG_ANALYZER_NONNULL = YES;
				CLANG_CXX_LANGUAGE_STANDARD = "gnu++0x";
				CLANG_CXX_LIBRARY = "libc++";
				CLANG_ENABLE_MODULES = YES;
				CLANG_ENABLE_OBJC_ARC = YES;
				CLANG_WARN_BOOL_CONVERSION = YES;
				CLANG_WARN_CONSTANT_CONVERSION = YES;
				CLANG_WARN_DIRECT_OBJC_ISA_USAGE = YES_ERROR;
				CLANG_WARN_EMPTY_BODY = YES;
				CLANG_WARN_ENUM_CONVERSION = YES;
				CLANG_WARN_INT_CONVERSION = YES;
				CLANG_WARN_OBJC_ROOT_CLASS = YES_ERROR;
				CLANG_WARN_UNREACHABLE_CODE = YES;
				CLANG_WARN__DUPLICATE_METHOD_MATCH = YES;
				"CODE_SIGN_IDENTITY[sdk=iphoneos*]" = "iPhone Developer";
				COPY_PHASE_STRIP = NO;
				DEBUG_INFORMATION_FORMAT = "dwarf-with-dsym";
				ENABLE_NS_ASSERTIONS = NO;
				ENABLE_STRICT_OBJC_MSGSEND = YES;
				GCC_C_LANGUAGE_STANDARD = gnu99;
				GCC_NO_COMMON_BLOCKS = YES;
				GCC_WARN_64_TO_32_BIT_CONVERSION = YES;
				GCC_WARN_ABOUT_RETURN_TYPE = YES_ERROR;
				GCC_WARN_UNDECLARED_SELECTOR = YES;
				GCC_WARN_UNINITIALIZED_AUTOS = YES_AGGRESSIVE;
				GCC_WARN_UNUSED_FUNCTION = YES;
				GCC_WARN_UNUSED_VARIABLE = YES;
				IPHONEOS_DEPLOYMENT_TARGET = 9.3;
				MTL_ENABLE_DEBUG_INFO = NO;
				SDKROOT = iphoneos;
				TARGETED_DEVICE_FAMILY = "1,2";
				VALIDATE_PRODUCT = YES;
			};
			name = Release;
		};
		7C6DCA6D1D956FFE006DC566 /* Debug */ = {
			isa = XCBuildConfiguration;
			buildSettings = {
				ASSETCATALOG_COMPILER_APPICON_NAME = AppIcon;
				INFOPLIST_FILE = SWViewsDictionary/Info.plist;
				LD_RUNPATH_SEARCH_PATHS = "$(inherited) @executable_path/Frameworks";
				PRODUCT_BUNDLE_IDENTIFIER = com.DonMag.SWViewsDictionary;
				PRODUCT_NAME = "$(TARGET_NAME)";
			};
			name = Debug;
		};
		7C6DCA6E1D956FFE006DC566 /* Release */ = {
			isa = XCBuildConfiguration;
			buildSettings = {
				ASSETCATALOG_COMPILER_APPICON_NAME = AppIcon;
				INFOPLIST_FILE = SWViewsDictionary/Info.plist;
				LD_RUNPATH_SEARCH_PATHS = "$(inherited) @executable_path/Frameworks";
				PRODUCT_BUNDLE_IDENTIFIER = com.DonMag.SWViewsDictionary;
				PRODUCT_NAME = "$(TARGET_NAME)";
			};
			name = Release;
		};
/* End XCBuildConfiguration section */

/* Begin XCConfigurationList section */
		7C6DCA551D956FFE006DC566 /* Build configuration list for PBXProject "SWViewsDictionary" */ = {
			isa = XCConfigurationList;
			buildConfigurations = (
				7C6DCA6A1D956FFE006DC566 /* Debug */,
				7C6DCA6B1D956FFE006DC566 /* Release */,
			);
			defaultConfigurationIsVisible = 0;
			defaultConfigurationName = Release;
		};
		7C6DCA6C1D956FFE006DC566 /* Build configuration list for PBXNativeTarget "SWViewsDictionary" */ = {
			isa = XCConfigurationList;
			buildConfigurations = (
				7C6DCA6D1D956FFE006DC566 /* Debug */,
				7C6DCA6E1D956FFE006DC566 /* Release */,
			);
			defaultConfigurationIsVisible = 0;
		};
/* End XCConfigurationList section */
	};
	rootObject = 7C6DCA521D956FFE006DC566 /* Project object */;
}
